
Microsoft Visual Studio Solution File, Format Version 12.00
# Visual Studio Version 17
VisualStudioVersion = 17.7.34024.191
MinimumVisualStudioVersion = 10.0.40219.1
Project("{FAE04EC0-301F-11D3-BF4B-00C04F79EFBC}") = "HR", "HR\HR.csproj", "{E8732CA8-98AE-469A-8630-161F3B21AD05}"
EndProject
Global
	GlobalSection(SolutionConfigurationPlatforms) = preSolution
		Debug|Any CPU = Debug|Any CPU
		Release|Any CPU = Release|Any CPU
	EndGlobalSection
	GlobalSection(ProjectConfigurationPlatforms) = postSolution
		{E8732CA8-98AE-469A-8630-161F3B21AD05}.Debug|Any CPU.ActiveCfg = Debug|Any CPU
		{E8732CA8-98AE-469A-8630-161F3B21AD05}.Debug|Any CPU.Build.0 = Debug|Any CPU
		{E8732CA8-98AE-469A-8630-161F3B21AD05}.Release|Any CPU.ActiveCfg = Release|Any CPU
		{E8732CA8-98AE-469A-8630-161F3B21AD05}.Release|Any CPU.Build.0 = Release|Any CPU
	EndGlobalSection
	GlobalSection(SolutionProperties) = preSolution
		HideSolutionNode = FALSE
	EndGlobalSection
	GlobalSection(ExtensibilityGlobals) = postSolution
		SolutionGuid = {113F3950-0BA4-480A-8332-2646A658F6EC}
	EndGlobalSection
EndGlobal
